
Microsoft Visual Studio Solution File, Format Version 12.00
# Visual Studio Version 16
VisualStudioVersion = 16.0.31424.327
MinimumVisualStudioVersion = 10.0.40219.1
Project("{FAE04EC0-301F-11D3-BF4B-00C04F79EFBC}") = "RetryPatternUsingPolly", "RetryPatternUsingPolly\RetryPatternUsingPolly.csproj", "{D0D86308-A791-44F9-9470-FE41A467DDE7}"
EndProject
Project("{FAE04EC0-301F-11D3-BF4B-00C04F79EFBC}") = "PollyTestProject", "PollyTestProject\PollyTestProject.csproj", "{B8680399-5F2E-43F4-8F08-000321EC10F8}"
EndProject
Global
	GlobalSection(SolutionConfigurationPlatforms) = preSolution
		Debug|Any CPU = Debug|Any CPU
		Release|Any CPU = Release|Any CPU
	EndGlobalSection
	GlobalSection(ProjectConfigurationPlatforms) = postSolution
		{D0D86308-A791-44F9-9470-FE41A467DDE7}.Debug|Any CPU.ActiveCfg = Debug|Any CPU
		{D0D86308-A791-44F9-9470-FE41A467DDE7}.Debug|Any CPU.Build.0 = Debug|Any CPU
		{D0D86308-A791-44F9-9470-FE41A467DDE7}.Release|Any CPU.ActiveCfg = Release|Any CPU
		{D0D86308-A791-44F9-9470-FE41A467DDE7}.Release|Any CPU.Build.0 = Release|Any CPU
		{B8680399-5F2E-43F4-8F08-000321EC10F8}.Debug|Any CPU.ActiveCfg = Debug|Any CPU
		{B8680399-5F2E-43F4-8F08-000321EC10F8}.Debug|Any CPU.Build.0 = Debug|Any CPU
		{B8680399-5F2E-43F4-8F08-000321EC10F8}.Release|Any CPU.ActiveCfg = Release|Any CPU
		{B8680399-5F2E-43F4-8F08-000321EC10F8}.Release|Any CPU.Build.0 = Release|Any CPU
	EndGlobalSection
	GlobalSection(SolutionProperties) = preSolution
		HideSolutionNode = FALSE
	EndGlobalSection
	GlobalSection(ExtensibilityGlobals) = postSolution
		SolutionGuid = {10CF5991-0E9C-4026-84DA-515EF43C4B87}
	EndGlobalSection
EndGlobal
